PODS:
  - SwiftMessages (8.0.2):
    - SwiftMessages/App (= 8.0.2)
  - SwiftMessages/App (8.0.2)

DEPENDENCIES:
  - SwiftMessages

SPEC REPOS:
  trunk:
    - SwiftMessages

SPEC CHECKSUMS:
  SwiftMessages: 633304165351b8e3dcbb81a71f8efcd86f9c1669

PODFILE CHECKSUM: 26e9edebf0edc85d706ce9a925077e95756f8004

COCOAPODS: 1.9.3
