PODS:
  - iOSDropDown (0.3.4)
  - SwiftMessages (8.0.3):
    - SwiftMessages/App (= 8.0.3)
  - SwiftMessages/App (8.0.3)

DEPENDENCIES:
  - iOSDropDown
  - SwiftMessages

SPEC REPOS:
  trunk:
    - iOSDropDown
    - SwiftMessages

SPEC CHECKSUMS:
  iOSDropDown: c10a761f9a00c3f1cc9d3bce43ae504628e2f692
  SwiftMessages: 063ec9ffea3ffa7d17ba595157a9ec78e4fe045f

PODFILE CHECKSUM: 381c481267b1b616638c1486b7fc96a2bfb13fe2

COCOAPODS: 1.9.3
